
Microsoft Visual Studio Solution File, Format Version 12.00
# Visual Studio Version 16
VisualStudioVersion = 16.0.30523.141
MinimumVisualStudioVersion = 10.0.40219.1
Project("{FAE04EC0-301F-11D3-BF4B-00C04F79EFBC}") = "progmet_assignment2", "progmet_assignment2.csproj", "{9882CF2C-3098-40C9-BF59-2587247794AD}"
EndProject
Global
	GlobalSection(SolutionConfigurationPlatforms) = preSolution
		Debug|Any CPU = Debug|Any CPU
		Release|Any CPU = Release|Any CPU
	EndGlobalSection
	GlobalSection(ProjectConfigurationPlatforms) = postSolution
		{9882CF2C-3098-40C9-BF59-2587247794AD}.Debug|Any CPU.ActiveCfg = Debug|Any CPU
		{9882CF2C-3098-40C9-BF59-2587247794AD}.Debug|Any CPU.Build.0 = Debug|Any CPU
		{9882CF2C-3098-40C9-BF59-2587247794AD}.Release|Any CPU.ActiveCfg = Release|Any CPU
		{9882CF2C-3098-40C9-BF59-2587247794AD}.Release|Any CPU.Build.0 = Release|Any CPU
	EndGlobalSection
	GlobalSection(SolutionProperties) = preSolution
		HideSolutionNode = FALSE
	EndGlobalSection
	GlobalSection(ExtensibilityGlobals) = postSolution
		SolutionGuid = {869D82BF-74BE-478F-B318-411CE5347E27}
	EndGlobalSection
EndGlobal
